
Microsoft Visual Studio Solution File, Format Version 12.00
# Visual Studio Version 17
VisualStudioVersion = 17.11.35327.3
MinimumVisualStudioVersion = 10.0.40219.1
Project("{FAE04EC0-301F-11D3-BF4B-00C04F79EFBC}") = "WebSiteStatusChecker", "WebSiteStatusChecker\WebSiteStatusChecker.csproj", "{BDD470BE-7E52-4ADB-8718-4DCAC35A76A4}"
EndProject
Global
	GlobalSection(SolutionConfigurationPlatforms) = preSolution
		Debug|Any CPU = Debug|Any CPU
		Release|Any CPU = Release|Any CPU
	EndGlobalSection
	GlobalSection(ProjectConfigurationPlatforms) = postSolution
		{BDD470BE-7E52-4ADB-8718-4DCAC35A76A4}.Debug|Any CPU.ActiveCfg = Debug|Any CPU
		{BDD470BE-7E52-4ADB-8718-4DCAC35A76A4}.Debug|Any CPU.Build.0 = Debug|Any CPU
		{BDD470BE-7E52-4ADB-8718-4DCAC35A76A4}.Release|Any CPU.ActiveCfg = Release|Any CPU
		{BDD470BE-7E52-4ADB-8718-4DCAC35A76A4}.Release|Any CPU.Build.0 = Release|Any CPU
	EndGlobalSection
	GlobalSection(SolutionProperties) = preSolution
		HideSolutionNode = FALSE
	EndGlobalSection
	GlobalSection(ExtensibilityGlobals) = postSolution
		SolutionGuid = {E62E0A17-53B4-46AA-87F6-73F8A5A57F49}
	EndGlobalSection
EndGlobal
